
Microsoft Visual Studio Solution File, Format Version 12.00
# Visual Studio Version 17
VisualStudioVersion = 17.14.36203.30 d17.14
MinimumVisualStudioVersion = 10.0.40219.1
Project("{FAE04EC0-301F-11D3-BF4B-00C04F79EFBC}") = "LogMonitoringLib", "LogMonitoringSolution\LogMonitoringLib.csproj", "{CABCFFFD-2B28-4E64-888A-6EB0015E1955}"
EndProject
Project("{FAE04EC0-301F-11D3-BF4B-00C04F79EFBC}") = "LogMonitorApp", "LogMonitorApp\LogMonitorApp.csproj", "{DC4ACD53-9198-4F06-93E5-A37BE3B88DE4}"
EndProject
Global
	GlobalSection(SolutionConfigurationPlatforms) = preSolution
		Debug|Any CPU = Debug|Any CPU
		Release|Any CPU = Release|Any CPU
	EndGlobalSection
	GlobalSection(ProjectConfigurationPlatforms) = postSolution
		{CABCFFFD-2B28-4E64-888A-6EB0015E1955}.Debug|Any CPU.ActiveCfg = Debug|Any CPU
		{CABCFFFD-2B28-4E64-888A-6EB0015E1955}.Debug|Any CPU.Build.0 = Debug|Any CPU
		{CABCFFFD-2B28-4E64-888A-6EB0015E1955}.Release|Any CPU.ActiveCfg = Release|Any CPU
		{CABCFFFD-2B28-4E64-888A-6EB0015E1955}.Release|Any CPU.Build.0 = Release|Any CPU
		{DC4ACD53-9198-4F06-93E5-A37BE3B88DE4}.Debug|Any CPU.ActiveCfg = Debug|Any CPU
		{DC4ACD53-9198-4F06-93E5-A37BE3B88DE4}.Debug|Any CPU.Build.0 = Debug|Any CPU
		{DC4ACD53-9198-4F06-93E5-A37BE3B88DE4}.Release|Any CPU.ActiveCfg = Release|Any CPU
		{DC4ACD53-9198-4F06-93E5-A37BE3B88DE4}.Release|Any CPU.Build.0 = Release|Any CPU
	EndGlobalSection
	GlobalSection(SolutionProperties) = preSolution
		HideSolutionNode = FALSE
	EndGlobalSection
	GlobalSection(ExtensibilityGlobals) = postSolution
		SolutionGuid = {6299CE73-9726-4C76-AAA4-F2E4937CD32F}
	EndGlobalSection
EndGlobal
